
Microsoft Visual Studio Solution File, Format Version 12.00
# Visual Studio Version 17
VisualStudioVersion = 17.5.33424.131
MinimumVisualStudioVersion = 10.0.40219.1
Project("{FAE04EC0-301F-11D3-BF4B-00C04F79EFBC}") = "Task_4", "Task_4.csproj", "{8CCD38C6-10BF-4690-9CE1-21CB18EDCF6F}"
EndProject
Global
	GlobalSection(SolutionConfigurationPlatforms) = preSolution
		Debug|Any CPU = Debug|Any CPU
		Release|Any CPU = Release|Any CPU
	EndGlobalSection
	GlobalSection(ProjectConfigurationPlatforms) = postSolution
		{8CCD38C6-10BF-4690-9CE1-21CB18EDCF6F}.Debug|Any CPU.ActiveCfg = Debug|Any CPU
		{8CCD38C6-10BF-4690-9CE1-21CB18EDCF6F}.Debug|Any CPU.Build.0 = Debug|Any CPU
		{8CCD38C6-10BF-4690-9CE1-21CB18EDCF6F}.Release|Any CPU.ActiveCfg = Release|Any CPU
		{8CCD38C6-10BF-4690-9CE1-21CB18EDCF6F}.Release|Any CPU.Build.0 = Release|Any CPU
	EndGlobalSection
	GlobalSection(SolutionProperties) = preSolution
		HideSolutionNode = FALSE
	EndGlobalSection
	GlobalSection(ExtensibilityGlobals) = postSolution
		SolutionGuid = {1EB90EAF-9443-433E-B526-8327373C5C46}
	EndGlobalSection
EndGlobal
