
Microsoft Visual Studio Solution File, Format Version 12.00
# Visual Studio Version 17
VisualStudioVersion = 17.5.33424.131
MinimumVisualStudioVersion = 10.0.40219.1
Project("{FAE04EC0-301F-11D3-BF4B-00C04F79EFBC}") = "Task_2", "Task_2.csproj", "{3E723359-820B-495A-84F9-480F56B0E831}"
EndProject
Global
	GlobalSection(SolutionConfigurationPlatforms) = preSolution
		Debug|Any CPU = Debug|Any CPU
		Release|Any CPU = Release|Any CPU
	EndGlobalSection
	GlobalSection(ProjectConfigurationPlatforms) = postSolution
		{3E723359-820B-495A-84F9-480F56B0E831}.Debug|Any CPU.ActiveCfg = Debug|Any CPU
		{3E723359-820B-495A-84F9-480F56B0E831}.Debug|Any CPU.Build.0 = Debug|Any CPU
		{3E723359-820B-495A-84F9-480F56B0E831}.Release|Any CPU.ActiveCfg = Release|Any CPU
		{3E723359-820B-495A-84F9-480F56B0E831}.Release|Any CPU.Build.0 = Release|Any CPU
	EndGlobalSection
	GlobalSection(SolutionProperties) = preSolution
		HideSolutionNode = FALSE
	EndGlobalSection
	GlobalSection(ExtensibilityGlobals) = postSolution
		SolutionGuid = {BF7E3C0B-9DBF-409C-AB1F-C3708BD07E7D}
	EndGlobalSection
EndGlobal
