
Microsoft Visual Studio Solution File, Format Version 12.00
# Visual Studio Version 17
VisualStudioVersion = 17.5.33424.131
MinimumVisualStudioVersion = 10.0.40219.1
Project("{FAE04EC0-301F-11D3-BF4B-00C04F79EFBC}") = "Task_1", "Task_1.csproj", "{C37AB204-9924-4A9C-AA8E-B5118F9D164A}"
EndProject
Global
	GlobalSection(SolutionConfigurationPlatforms) = preSolution
		Debug|Any CPU = Debug|Any CPU
		Release|Any CPU = Release|Any CPU
	EndGlobalSection
	GlobalSection(ProjectConfigurationPlatforms) = postSolution
		{C37AB204-9924-4A9C-AA8E-B5118F9D164A}.Debug|Any CPU.ActiveCfg = Debug|Any CPU
		{C37AB204-9924-4A9C-AA8E-B5118F9D164A}.Debug|Any CPU.Build.0 = Debug|Any CPU
		{C37AB204-9924-4A9C-AA8E-B5118F9D164A}.Release|Any CPU.ActiveCfg = Release|Any CPU
		{C37AB204-9924-4A9C-AA8E-B5118F9D164A}.Release|Any CPU.Build.0 = Release|Any CPU
	EndGlobalSection
	GlobalSection(SolutionProperties) = preSolution
		HideSolutionNode = FALSE
	EndGlobalSection
	GlobalSection(ExtensibilityGlobals) = postSolution
		SolutionGuid = {3AEE7BEC-8DC5-40DB-A750-E6E6A9873C09}
	EndGlobalSection
EndGlobal
